
Microsoft Visual Studio Solution File, Format Version 12.00
# Visual Studio Version 17
VisualStudioVersion = 17.9.34714.143
MinimumVisualStudioVersion = 10.0.40219.1
Project("{9A19103F-16F7-4668-BE54-9A1E7A4F7556}") = "BoardGameShop.Web", "BoardGameShop.Web\BoardGameShop.Web.csproj", "{F81D4ADF-2FD1-4E07-ACCE-ED087956AE46}"
EndProject
Project("{9A19103F-16F7-4668-BE54-9A1E7A4F7556}") = "BoardGameShop.Api", "BoardGameShop.Api\BoardGameShop.Api.csproj", "{44F79A87-FC5C-4D48-8B58-036861697A44}"
EndProject
Global
	GlobalSection(SolutionConfigurationPlatforms) = preSolution
		Debug|Any CPU = Debug|Any CPU
		Release|Any CPU = Release|Any CPU
	EndGlobalSection
	GlobalSection(ProjectConfigurationPlatforms) = postSolution
		{F81D4ADF-2FD1-4E07-ACCE-ED087956AE46}.Debug|Any CPU.ActiveCfg = Debug|Any CPU
		{F81D4ADF-2FD1-4E07-ACCE-ED087956AE46}.Debug|Any CPU.Build.0 = Debug|Any CPU
		{F81D4ADF-2FD1-4E07-ACCE-ED087956AE46}.Release|Any CPU.ActiveCfg = Release|Any CPU
		{F81D4ADF-2FD1-4E07-ACCE-ED087956AE46}.Release|Any CPU.Build.0 = Release|Any CPU
		{44F79A87-FC5C-4D48-8B58-036861697A44}.Debug|Any CPU.ActiveCfg = Debug|Any CPU
		{44F79A87-FC5C-4D48-8B58-036861697A44}.Debug|Any CPU.Build.0 = Debug|Any CPU
		{44F79A87-FC5C-4D48-8B58-036861697A44}.Release|Any CPU.ActiveCfg = Release|Any CPU
		{44F79A87-FC5C-4D48-8B58-036861697A44}.Release|Any CPU.Build.0 = Release|Any CPU
	EndGlobalSection
	GlobalSection(SolutionProperties) = preSolution
		HideSolutionNode = FALSE
	EndGlobalSection
	GlobalSection(ExtensibilityGlobals) = postSolution
		SolutionGuid = {2183EF52-0F80-4726-82A5-02D7CBB83807}
	EndGlobalSection
EndGlobal
